[[package]]
name = "bitflags"
version = "0.9.1"
source = "registry+https://github.com/rust-lang/crates.io-index"

[[package]]
name = "canarywatcher"
version = "0.1.0"
dependencies = [
 "inotify 0.4.2 (registry+https://github.com/rust-lang/crates.io-index)",
]

[[package]]
name = "inotify"
version = "0.4.2"
source = "registry+https://github.com/rust-lang/crates.io-index"
dependencies = [
 "bitflags 0.9.1 (registry+https://github.com/rust-lang/crates.io-index)",
 "inotify-sys 0.1.2 (registry+https://github.com/rust-lang/crates.io-index)",
 "libc 0.2.40 (registry+https://github.com/rust-lang/crates.io-index)",
]

[[package]]
name = "inotify-sys"
version = "0.1.2"
source = "registry+https://github.com/rust-lang/crates.io-index"
dependencies = [
 "libc 0.2.40 (registry+https://github.com/rust-lang/crates.io-index)",
]

[[package]]
name = "libc"
version = "0.2.40"
source = "registry+https://github.com/rust-lang/crates.io-index"

[metadata]
"checksum bitflags 0.9.1 (registry+https://github.com/rust-lang/crates.io-index)" = "4efd02e230a02e18f92fc2735f44597385ed02ad8f831e7c1c1156ee5e1ab3a5"
"checksum inotify 0.4.2 (registry+https://github.com/rust-lang/crates.io-index)" = "e0d071219981ec1521967aaf553d5928a851fde4973e7eb100b384c913ff6a4f"
"checksum inotify-sys 0.1.2 (registry+https://github.com/rust-lang/crates.io-index)" = "7dceb94c43f70baf4c4cd6afbc1e9037d4161dbe68df8a2cd4351a23319ee4fb"
"checksum libc 0.2.40 (registry+https://github.com/rust-lang/crates.io-index)" = "6fd41f331ac7c5b8ac259b8bf82c75c0fb2e469bbf37d2becbba9a6a2221965b"
