[[package]]
name = "bitflags"
version = "1.0.3"
source = "registry+https://github.com/rust-lang/crates.io-index"

[[package]]
name = "canarywatcher"
version = "0.1.2"
dependencies = [
 "inotify 0.5.1 (registry+https://github.com/rust-lang/crates.io-index)",
]

[[package]]
name = "futures"
version = "0.1.21"
source = "registry+https://github.com/rust-lang/crates.io-index"

[[package]]
name = "inotify"
version = "0.5.1"
source = "registry+https://github.com/rust-lang/crates.io-index"
dependencies = [
 "bitflags 1.0.3 (registry+https://github.com/rust-lang/crates.io-index)",
 "futures 0.1.21 (registry+https://github.com/rust-lang/crates.io-index)",
 "inotify-sys 0.1.2 (registry+https://github.com/rust-lang/crates.io-index)",
 "libc 0.2.40 (registry+https://github.com/rust-lang/crates.io-index)",
]

[[package]]
name = "inotify-sys"
version = "0.1.2"
source = "registry+https://github.com/rust-lang/crates.io-index"
dependencies = [
 "libc 0.2.40 (registry+https://github.com/rust-lang/crates.io-index)",
]

[[package]]
name = "libc"
version = "0.2.40"
source = "registry+https://github.com/rust-lang/crates.io-index"

[metadata]
"checksum bitflags 1.0.3 (registry+https://github.com/rust-lang/crates.io-index)" = "d0c54bb8f454c567f21197eefcdbf5679d0bd99f2ddbe52e84c77061952e6789"
"checksum futures 0.1.21 (registry+https://github.com/rust-lang/crates.io-index)" = "1a70b146671de62ec8c8ed572219ca5d594d9b06c0b364d5e67b722fc559b48c"
"checksum inotify 0.5.1 (registry+https://github.com/rust-lang/crates.io-index)" = "3ad0bfe014aafc0f4e177fbe66c5f2b59ba59f66f58b022aa1963bbe71ab4118"
"checksum inotify-sys 0.1.2 (registry+https://github.com/rust-lang/crates.io-index)" = "7dceb94c43f70baf4c4cd6afbc1e9037d4161dbe68df8a2cd4351a23319ee4fb"
"checksum libc 0.2.40 (registry+https://github.com/rust-lang/crates.io-index)" = "6fd41f331ac7c5b8ac259b8bf82c75c0fb2e469bbf37d2becbba9a6a2221965b"
